// !$*UTF8*$!
{
	archiveVersion = 1;
	classes = {
	};
	objectVersion = 46;
	objects = {

/* Begin PBXBuildFile section */
		386734FE1D8B879300844D90 /* AppDelegate.swift in Sources */ = {isa = PBXBuildFile; fileRef = 386734FD1D8B879300844D90 /* AppDelegate.swift */; };
		386735031D8B879300844D90 /* Main.storyboard in Resources */ = {isa = PBXBuildFile; fileRef = 386735011D8B879300844D90 /* Main.storyboard */; };
		386735061D8B879300844D90 /* Assassins.xcdatamodeld in Sources */ = {isa = PBXBuildFile; fileRef = 386735041D8B879300844D90 /* Assassins.xcdatamodeld */; };
		386735081D8B879300844D90 /* Assets.xcassets in Resources */ = {isa = PBXBuildFile; fileRef = 386735071D8B879300844D90 /* Assets.xcassets */; };
		3867350B1D8B879300844D90 /* LaunchScreen.storyboard in Resources */ = {isa = PBXBuildFile; fileRef = 386735091D8B879300844D90 /* LaunchScreen.storyboard */; };
		386BF4901DA428E300CDC02E /* PlayerListVC.swift in Sources */ = {isa = PBXBuildFile; fileRef = 386BF48F1DA428E300CDC02E /* PlayerListVC.swift */; };
		38A6968D1DA3EA470061FE9A /* LobbyVC.swift in Sources */ = {isa = PBXBuildFile; fileRef = 38A6968C1DA3EA470061FE9A /* LobbyVC.swift */; };
		38B6557E1DA2EEA4004C9E02 /* CreateAccountVC.swift in Sources */ = {isa = PBXBuildFile; fileRef = 38B6557D1DA2EEA4004C9E02 /* CreateAccountVC.swift */; };
		38B655841DA31FDB004C9E02 /* Player.swift in Sources */ = {isa = PBXBuildFile; fileRef = 38B655831DA31FDB004C9E02 /* Player.swift */; };
		38E8DBF01DA3616D005EA2C2 /* JoinGameVC.swift in Sources */ = {isa = PBXBuildFile; fileRef = 38E8DBEF1DA3616D005EA2C2 /* JoinGameVC.swift */; };
		38E8DBF21DA3617E005EA2C2 /* CreateGameVC.swift in Sources */ = {isa = PBXBuildFile; fileRef = 38E8DBF11DA3617E005EA2C2 /* CreateGameVC.swift */; };
		38E8DBF41DA36196005EA2C2 /* GameEditorVC.swift in Sources */ = {isa = PBXBuildFile; fileRef = 38E8DBF31DA36196005EA2C2 /* GameEditorVC.swift */; };
		38E8DBF61DA3619E005EA2C2 /* SettingsVC.swift in Sources */ = {isa = PBXBuildFile; fileRef = 38E8DBF51DA3619E005EA2C2 /* SettingsVC.swift */; };
		38E8DBF91DA361FA005EA2C2 /* MainMenuVC.swift in Sources */ = {isa = PBXBuildFile; fileRef = 38E8DBF71DA361FA005EA2C2 /* MainMenuVC.swift */; };
		38E8DBFA1DA361FA005EA2C2 /* LoginVC.swift in Sources */ = {isa = PBXBuildFile; fileRef = 38E8DBF81DA361FA005EA2C2 /* LoginVC.swift */; };
		38EB57F91DA4436100932027 /* TrackerVC.swift in Sources */ = {isa = PBXBuildFile; fileRef = 38EB57F81DA4436100932027 /* TrackerVC.swift */; };
		A558B9EDC0F3329A26A4D5BB /* Pods_Assassins.framework in Frameworks */ = {isa = PBXBuildFile; fileRef = 81C53D132E467333271A012C /* Pods_Assassins.framework */; };
/* End PBXBuildFile section */

/* Begin PBXFileReference section */
		140CADA412C9604593F8D59B /* Pods-Assassins.release.xcconfig */ = {isa = PBXFileReference; includeInIndex = 1; lastKnownFileType = text.xcconfig; name = "Pods-Assassins.release.xcconfig"; path = "Pods/Target Support Files/Pods-Assassins/Pods-Assassins.release.xcconfig"; sourceTree = "<group>"; };
		3433DDC01C1751096C292F5A /* Pods-Assassins.debug.xcconfig */ = {isa = PBXFileReference; includeInIndex = 1; lastKnownFileType = text.xcconfig; name = "Pods-Assassins.debug.xcconfig"; path = "Pods/Target Support Files/Pods-Assassins/Pods-Assassins.debug.xcconfig"; sourceTree = "<group>"; };
		386734FA1D8B879300844D90 /* Assassins.app */ = {isa = PBXFileReference; explicitFileType = wrapper.application; includeInIndex = 0; path = Assassins.app; sourceTree = BUILT_PRODUCTS_DIR; };
		386734FD1D8B879300844D90 /* AppDelegate.swift */ = {isa = PBXFileReference; lastKnownFileType = sourcecode.swift; path = AppDelegate.swift; sourceTree = "<group>"; };
		386735021D8B879300844D90 /* Base */ = {isa = PBXFileReference; lastKnownFileType = file.storyboard; name = Base; path = Base.lproj/Main.storyboard; sourceTree = "<group>"; };
		386735051D8B879300844D90 /* Assassins.xcdatamodel */ = {isa = PBXFileReference; lastKnownFileType = wrapper.xcdatamodel; path = Assassins.xcdatamodel; sourceTree = "<group>"; };
		386735071D8B879300844D90 /* Assets.xcassets */ = {isa = PBXFileReference; lastKnownFileType = folder.assetcatalog; path = Assets.xcassets; sourceTree = "<group>"; };
		3867350A1D8B879300844D90 /* Base */ = {isa = PBXFileReference; lastKnownFileType = file.storyboard; name = Base; path = Base.lproj/LaunchScreen.storyboard; sourceTree = "<group>"; };
		3867350C1D8B879300844D90 /* Info.plist */ = {isa = PBXFileReference; lastKnownFileType = text.plist.xml; path = Info.plist; sourceTree = "<group>"; };
		386BF48F1DA428E300CDC02E /* PlayerListVC.swift */ = {isa = PBXFileReference; fileEncoding = 4; lastKnownFileType = sourcecode.swift; path = PlayerListVC.swift; sourceTree = "<group>"; };
		38A6968C1DA3EA470061FE9A /* LobbyVC.swift */ = {isa = PBXFileReference; fileEncoding = 4; lastKnownFileType = sourcecode.swift; path = LobbyVC.swift; sourceTree = "<group>"; };
		38B6557D1DA2EEA4004C9E02 /* CreateAccountVC.swift */ = {isa = PBXFileReference; fileEncoding = 4; lastKnownFileType = sourcecode.swift; path = CreateAccountVC.swift; sourceTree = "<group>"; };
		38B655831DA31FDB004C9E02 /* Player.swift */ = {isa = PBXFileReference; fileEncoding = 4; lastKnownFileType = sourcecode.swift; path = Player.swift; sourceTree = "<group>"; };
		38E8DBEF1DA3616D005EA2C2 /* JoinGameVC.swift */ = {isa = PBXFileReference; fileEncoding = 4; lastKnownFileType = sourcecode.swift; path = JoinGameVC.swift; sourceTree = "<group>"; };
		38E8DBF11DA3617E005EA2C2 /* CreateGameVC.swift */ = {isa = PBXFileReference; fileEncoding = 4; lastKnownFileType = sourcecode.swift; path = CreateGameVC.swift; sourceTree = "<group>"; };
		38E8DBF31DA36196005EA2C2 /* GameEditorVC.swift */ = {isa = PBXFileReference; fileEncoding = 4; lastKnownFileType = sourcecode.swift; path = GameEditorVC.swift; sourceTree = "<group>"; };
		38E8DBF51DA3619E005EA2C2 /* SettingsVC.swift */ = {isa = PBXFileReference; fileEncoding = 4; lastKnownFileType = sourcecode.swift; path = SettingsVC.swift; sourceTree = "<group>"; };
		38E8DBF71DA361FA005EA2C2 /* MainMenuVC.swift */ = {isa = PBXFileReference; fileEncoding = 4; lastKnownFileType = sourcecode.swift; path = MainMenuVC.swift; sourceTree = "<group>"; };
		38E8DBF81DA361FA005EA2C2 /* LoginVC.swift */ = {isa = PBXFileReference; fileEncoding = 4; lastKnownFileType = sourcecode.swift; path = LoginVC.swift; sourceTree = "<group>"; };
		38EB57F81DA4436100932027 /* TrackerVC.swift */ = {isa = PBXFileReference; fileEncoding = 4; lastKnownFileType = sourcecode.swift; path = TrackerVC.swift; sourceTree = "<group>"; };
		81C53D132E467333271A012C /* Pods_Assassins.framework */ = {isa = PBXFileReference; explicitFileType = wrapper.framework; includeInIndex = 0; path = Pods_Assassins.framework; sourceTree = BUILT_PRODUCTS_DIR; };
/* End PBXFileReference section */

/* Begin PBXFrameworksBuildPhase section */
		386734F71D8B879300844D90 /* Frameworks */ = {
			isa = PBXFrameworksBuildPhase;
			buildActionMask = 2147483647;
			files = (
				A558B9EDC0F3329A26A4D5BB /* Pods_Assassins.framework in Frameworks */,
			);
			runOnlyForDeploymentPostprocessing = 0;
		};
/* End PBXFrameworksBuildPhase section */

/* Begin PBXGroup section */
		386734F11D8B879300844D90 = {
			isa = PBXGroup;
			children = (
				386734FC1D8B879300844D90 /* Assassins */,
				386734FB1D8B879300844D90 /* Products */,
				CE300855160EF9682D22E389 /* Pods */,
				BE3E6353340E1A7A4DBDB1A0 /* Frameworks */,
			);
			sourceTree = "<group>";
		};
		386734FB1D8B879300844D90 /* Products */ = {
			isa = PBXGroup;
			children = (
				386734FA1D8B879300844D90 /* Assassins.app */,
			);
			name = Products;
			sourceTree = "<group>";
		};
		386734FC1D8B879300844D90 /* Assassins */ = {
			isa = PBXGroup;
			children = (
				38B6557F1DA31EEF004C9E02 /* Controllers */,
				38B655801DA31F07004C9E02 /* Views */,
				38B655811DA31F1E004C9E02 /* Models */,
				38B655821DA31F4B004C9E02 /* Other */,
			);
			path = Assassins;
			sourceTree = "<group>";
		};
		38B6557F1DA31EEF004C9E02 /* Controllers */ = {
			isa = PBXGroup;
			children = (
				38EB57F81DA4436100932027 /* TrackerVC.swift */,
				38E8DBF81DA361FA005EA2C2 /* LoginVC.swift */,
				38E8DBF71DA361FA005EA2C2 /* MainMenuVC.swift */,
				38B6557D1DA2EEA4004C9E02 /* CreateAccountVC.swift */,
				38A6968C1DA3EA470061FE9A /* LobbyVC.swift */,
				38E8DBEF1DA3616D005EA2C2 /* JoinGameVC.swift */,
				38E8DBF11DA3617E005EA2C2 /* CreateGameVC.swift */,
				38E8DBF31DA36196005EA2C2 /* GameEditorVC.swift */,
				38E8DBF51DA3619E005EA2C2 /* SettingsVC.swift */,
				386BF48F1DA428E300CDC02E /* PlayerListVC.swift */,
			);
			name = Controllers;
			sourceTree = "<group>";
		};
		38B655801DA31F07004C9E02 /* Views */ = {
			isa = PBXGroup;
			children = (
				386735011D8B879300844D90 /* Main.storyboard */,
			);
			name = Views;
			sourceTree = "<group>";
		};
		38B655811DA31F1E004C9E02 /* Models */ = {
			isa = PBXGroup;
			children = (
				38B655831DA31FDB004C9E02 /* Player.swift */,
			);
			name = Models;
			sourceTree = "<group>";
		};
		38B655821DA31F4B004C9E02 /* Other */ = {
			isa = PBXGroup;
			children = (
				386735071D8B879300844D90 /* Assets.xcassets */,
				386734FD1D8B879300844D90 /* AppDelegate.swift */,
				386735091D8B879300844D90 /* LaunchScreen.storyboard */,
				3867350C1D8B879300844D90 /* Info.plist */,
				386735041D8B879300844D90 /* Assassins.xcdatamodeld */,
			);
			name = Other;
			sourceTree = "<group>";
		};
		BE3E6353340E1A7A4DBDB1A0 /* Frameworks */ = {
			isa = PBXGroup;
			children = (
				81C53D132E467333271A012C /* Pods_Assassins.framework */,
			);
			name = Frameworks;
			sourceTree = "<group>";
		};
		CE300855160EF9682D22E389 /* Pods */ = {
			isa = PBXGroup;
			children = (
				3433DDC01C1751096C292F5A /* Pods-Assassins.debug.xcconfig */,
				140CADA412C9604593F8D59B /* Pods-Assassins.release.xcconfig */,
			);
			name = Pods;
			sourceTree = "<group>";
		};
/* End PBXGroup section */

/* Begin PBXNativeTarget section */
		386734F91D8B879300844D90 /* Assassins */ = {
			isa = PBXNativeTarget;
			buildConfigurationList = 3867350F1D8B879300844D90 /* Build configuration list for PBXNativeTarget "Assassins" */;
			buildPhases = (
				C759A6444BF111B80F08153F /* [CP] Check Pods Manifest.lock */,
				386734F61D8B879300844D90 /* Sources */,
				386734F71D8B879300844D90 /* Frameworks */,
				386734F81D8B879300844D90 /* Resources */,
				C4B92815B5A6F0B386D44606 /* [CP] Embed Pods Frameworks */,
				D167753F5F9A263307F22EBA /* [CP] Copy Pods Resources */,
			);
			buildRules = (
			);
			dependencies = (
			);
			name = Assassins;
			productName = Assassins;
			productReference = 386734FA1D8B879300844D90 /* Assassins.app */;
			productType = "com.apple.product-type.application";
		};
/* End PBXNativeTarget section */

/* Begin PBXProject section */
		386734F21D8B879300844D90 /* Project object */ = {
			isa = PBXProject;
			attributes = {
				LastSwiftUpdateCheck = 0800;
				LastUpgradeCheck = 0810;
				ORGANIZATIONNAME = "LA-05";
				TargetAttributes = {
					386734F91D8B879300844D90 = {
						CreatedOnToolsVersion = 8.0;
						DevelopmentTeam = 9W76SZUBMN;
						ProvisioningStyle = Automatic;
					};
				};
			};
			buildConfigurationList = 386734F51D8B879300844D90 /* Build configuration list for PBXProject "Assassins" */;
			compatibilityVersion = "Xcode 3.2";
			developmentRegion = English;
			hasScannedForEncodings = 0;
			knownRegions = (
				en,
				Base,
			);
			mainGroup = 386734F11D8B879300844D90;
			productRefGroup = 386734FB1D8B879300844D90 /* Products */;
			projectDirPath = "";
			projectRoot = "";
			targets = (
				386734F91D8B879300844D90 /* Assassins */,
			);
		};
/* End PBXProject section */

/* Begin PBXResourcesBuildPhase section */
		386734F81D8B879300844D90 /* Resources */ = {
			isa = PBXResourcesBuildPhase;
			buildActionMask = 2147483647;
			files = (
				3867350B1D8B879300844D90 /* LaunchScreen.storyboard in Resources */,
				386735081D8B879300844D90 /* Assets.xcassets in Resources */,
				386735031D8B879300844D90 /* Main.storyboard in Resources */,
			);
			runOnlyForDeploymentPostprocessing = 0;
		};
/* End PBXResourcesBuildPhase section */

/* Begin PBXShellScriptBuildPhase section */
		C4B92815B5A6F0B386D44606 /* [CP] Embed Pods Frameworks */ = {
			isa = PBXShellScriptBuildPhase;
			buildActionMask = 2147483647;
			files = (
			);
			inputPaths = (
			);
			name = "[CP] Embed Pods Frameworks";
			outputPaths = (
			);
			runOnlyForDeploymentPostprocessing = 0;
			shellPath = /bin/sh;
			shellScript = "\"${SRCROOT}/Pods/Target Support Files/Pods-Assassins/Pods-Assassins-frameworks.sh\"\n";
			showEnvVarsInLog = 0;
		};
		C759A6444BF111B80F08153F /* [CP] Check Pods Manifest.lock */ = {
			isa = PBXShellScriptBuildPhase;
			buildActionMask = 2147483647;
			files = (
			);
			inputPaths = (
			);
			name = "[CP] Check Pods Manifest.lock";
			outputPaths = (
			);
			runOnlyForDeploymentPostprocessing = 0;
			shellPath = /bin/sh;
			shellScript = "diff \"${PODS_ROOT}/../Podfile.lock\" \"${PODS_ROOT}/Manifest.lock\" > /dev/null\nif [ $? != 0 ] ; then\n    # print error to STDERR\n    echo \"error: The sandbox is not in sync with the Podfile.lock. Run 'pod install' or update your CocoaPods installation.\" >&2\n    exit 1\nfi\n";
			showEnvVarsInLog = 0;
		};
		D167753F5F9A263307F22EBA /* [CP] Copy Pods Resources */ = {
			isa = PBXShellScriptBuildPhase;
			buildActionMask = 2147483647;
			files = (
			);
			inputPaths = (
			);
			name = "[CP] Copy Pods Resources";
			outputPaths = (
			);
			runOnlyForDeploymentPostprocessing = 0;
			shellPath = /bin/sh;
			shellScript = "\"${SRCROOT}/Pods/Target Support Files/Pods-Assassins/Pods-Assassins-resources.sh\"\n";
			showEnvVarsInLog = 0;
		};
/* End PBXShellScriptBuildPhase section */

/* Begin PBXSourcesBuildPhase section */
		386734F61D8B879300844D90 /* Sources */ = {
			isa = PBXSourcesBuildPhase;
			buildActionMask = 2147483647;
			files = (
				38E8DBF41DA36196005EA2C2 /* GameEditorVC.swift in Sources */,
				386735061D8B879300844D90 /* Assassins.xcdatamodeld in Sources */,
				38E8DBF01DA3616D005EA2C2 /* JoinGameVC.swift in Sources */,
				38A6968D1DA3EA470061FE9A /* LobbyVC.swift in Sources */,
				38EB57F91DA4436100932027 /* TrackerVC.swift in Sources */,
				386BF4901DA428E300CDC02E /* PlayerListVC.swift in Sources */,
				38E8DBF21DA3617E005EA2C2 /* CreateGameVC.swift in Sources */,
				38E8DBFA1DA361FA005EA2C2 /* LoginVC.swift in Sources */,
				38B6557E1DA2EEA4004C9E02 /* CreateAccountVC.swift in Sources */,
				38B655841DA31FDB004C9E02 /* Player.swift in Sources */,
				386734FE1D8B879300844D90 /* AppDelegate.swift in Sources */,
				38E8DBF61DA3619E005EA2C2 /* SettingsVC.swift in Sources */,
				38E8DBF91DA361FA005EA2C2 /* MainMenuVC.swift in Sources */,
			);
			runOnlyForDeploymentPostprocessing = 0;
		};
/* End PBXSourcesBuildPhase section */

/* Begin PBXVariantGroup section */
		386735011D8B879300844D90 /* Main.storyboard */ = {
			isa = PBXVariantGroup;
			children = (
				386735021D8B879300844D90 /* Base */,
			);
			name = Main.storyboard;
			sourceTree = "<group>";
		};
		386735091D8B879300844D90 /* LaunchScreen.storyboard */ = {
			isa = PBXVariantGroup;
			children = (
				3867350A1D8B879300844D90 /* Base */,
			);
			name = LaunchScreen.storyboard;
			sourceTree = "<group>";
		};
/* End PBXVariantGroup section */

/* Begin XCBuildConfiguration section */
		3867350D1D8B879300844D90 /* Debug */ = {
			isa = XCBuildConfiguration;
			buildSettings = {
				ALWAYS_SEARCH_USER_PATHS = NO;
				CLANG_ANALYZER_NONNULL = YES;
				CLANG_CXX_LANGUAGE_STANDARD = "gnu++0x";
				CLANG_CXX_LIBRARY = "libc++";
				CLANG_ENABLE_MODULES = YES;
				CLANG_ENABLE_OBJC_ARC = YES;
				CLANG_WARN_BOOL_CONVERSION = YES;
				CLANG_WARN_CONSTANT_CONVERSION = YES;
				CLANG_WARN_DIRECT_OBJC_ISA_USAGE = YES_ERROR;
				CLANG_WARN_DOCUMENTATION_COMMENTS = YES;
				CLANG_WARN_EMPTY_BODY = YES;
				CLANG_WARN_ENUM_CONVERSION = YES;
				CLANG_WARN_INFINITE_RECURSION = YES;
				CLANG_WARN_INT_CONVERSION = YES;
				CLANG_WARN_OBJC_ROOT_CLASS = YES_ERROR;
				CLANG_WARN_SUSPICIOUS_MOVE = YES;
				CLANG_WARN_SUSPICIOUS_MOVES = YES;
				CLANG_WARN_UNREACHABLE_CODE = YES;
				CLANG_WARN__DUPLICATE_METHOD_MATCH = YES;
				"CODE_SIGN_IDENTITY[sdk=iphoneos*]" = "iPhone Developer";
				COPY_PHASE_STRIP = NO;
				DEBUG_INFORMATION_FORMAT = dwarf;
				ENABLE_STRICT_OBJC_MSGSEND = YES;
				ENABLE_TESTABILITY = YES;
				GCC_C_LANGUAGE_STANDARD = gnu99;
				GCC_DYNAMIC_NO_PIC = NO;
				GCC_NO_COMMON_BLOCKS = YES;
				GCC_OPTIMIZATION_LEVEL = 0;
				GCC_PREPROCESSOR_DEFINITIONS = (
					"DEBUG=1",
					"$(inherited)",
				);
				GCC_WARN_64_TO_32_BIT_CONVERSION = YES;
				GCC_WARN_ABOUT_RETURN_TYPE = YES_ERROR;
				GCC_WARN_UNDECLARED_SELECTOR = YES;
				GCC_WARN_UNINITIALIZED_AUTOS = YES_AGGRESSIVE;
				GCC_WARN_UNUSED_FUNCTION = YES;
				GCC_WARN_UNUSED_VARIABLE = YES;
				IPHONEOS_DEPLOYMENT_TARGET = 10.0;
				MTL_ENABLE_DEBUG_INFO = YES;
				ONLY_ACTIVE_ARCH = YES;
				SDKROOT = iphoneos;
				SWIFT_ACTIVE_COMPILATION_CONDITIONS = DEBUG;
				SWIFT_OPTIMIZATION_LEVEL = "-Onone";
			};
			name = Debug;
		};
		3867350E1D8B879300844D90 /* Release */ = {
			isa = XCBuildConfiguration;
			buildSettings = {
				ALWAYS_SEARCH_USER_PATHS = NO;
				CLANG_ANALYZER_NONNULL = YES;
				CLANG_CXX_LANGUAGE_STANDARD = "gnu++0x";
				CLANG_CXX_LIBRARY = "libc++";
				CLANG_ENABLE_MODULES = YES;
				CLANG_ENABLE_OBJC_ARC = YES;
				CLANG_WARN_BOOL_CONVERSION = YES;
				CLANG_WARN_CONSTANT_CONVERSION = YES;
				CLANG_WARN_DIRECT_OBJC_ISA_USAGE = YES_ERROR;
				CLANG_WARN_DOCUMENTATION_COMMENTS = YES;
				CLANG_WARN_EMPTY_BODY = YES;
				CLANG_WARN_ENUM_CONVERSION = YES;
				CLANG_WARN_INFINITE_RECURSION = YES;
				CLANG_WARN_INT_CONVERSION = YES;
				CLANG_WARN_OBJC_ROOT_CLASS = YES_ERROR;
				CLANG_WARN_SUSPICIOUS_MOVE = YES;
				CLANG_WARN_SUSPICIOUS_MOVES = YES;
				CLANG_WARN_UNREACHABLE_CODE = YES;
				CLANG_WARN__DUPLICATE_METHOD_MATCH = YES;
				"CODE_SIGN_IDENTITY[sdk=iphoneos*]" = "iPhone Developer";
				COPY_PHASE_STRIP = NO;
				DEBUG_INFORMATION_FORMAT = "dwarf-with-dsym";
				ENABLE_NS_ASSERTIONS = NO;
				ENABLE_STRICT_OBJC_MSGSEND = YES;
				GCC_C_LANGUAGE_STANDARD = gnu99;
				GCC_NO_COMMON_BLOCKS = YES;
				GCC_WARN_64_TO_32_BIT_CONVERSION = YES;
				GCC_WARN_ABOUT_RETURN_TYPE = YES_ERROR;
				GCC_WARN_UNDECLARED_SELECTOR = YES;
				GCC_WARN_UNINITIALIZED_AUTOS = YES_AGGRESSIVE;
				GCC_WARN_UNUSED_FUNCTION = YES;
				GCC_WARN_UNUSED_VARIABLE = YES;
				IPHONEOS_DEPLOYMENT_TARGET = 10.0;
				MTL_ENABLE_DEBUG_INFO = NO;
				SDKROOT = iphoneos;
				SWIFT_OPTIMIZATION_LEVEL = "-Owholemodule";
				VALIDATE_PRODUCT = YES;
			};
			name = Release;
		};
		386735101D8B879300844D90 /* Debug */ = {
			isa = XCBuildConfiguration;
			baseConfigurationReference = 3433DDC01C1751096C292F5A /* Pods-Assassins.debug.xcconfig */;
			buildSettings = {
				ALWAYS_EMBED_SWIFT_STANDARD_LIBRARIES = YES;
				ASSETCATALOG_COMPILER_APPICON_NAME = AppIcon;
				DEVELOPMENT_TEAM = 9W76SZUBMN;
				HEADER_SEARCH_PATHS = "$(inherited)";
				INFOPLIST_FILE = Assassins/Info.plist;
				LD_RUNPATH_SEARCH_PATHS = "$(inherited)";
				PRODUCT_BUNDLE_IDENTIFIER = "com.LA-05.Assassins";
				PRODUCT_NAME = "$(TARGET_NAME)";
				SWIFT_VERSION = 3.0;
			};
			name = Debug;
		};
		386735111D8B879300844D90 /* Release */ = {
			isa = XCBuildConfiguration;
			baseConfigurationReference = 140CADA412C9604593F8D59B /* Pods-Assassins.release.xcconfig */;
			buildSettings = {
				ALWAYS_EMBED_SWIFT_STANDARD_LIBRARIES = YES;
				ASSETCATALOG_COMPILER_APPICON_NAME = AppIcon;
				DEVELOPMENT_TEAM = 9W76SZUBMN;
				HEADER_SEARCH_PATHS = "$(inherited)";
				INFOPLIST_FILE = Assassins/Info.plist;
				LD_RUNPATH_SEARCH_PATHS = "$(inherited)";
				PRODUCT_BUNDLE_IDENTIFIER = "com.LA-05.Assassins";
				PRODUCT_NAME = "$(TARGET_NAME)";
				SWIFT_VERSION = 3.0;
			};
			name = Release;
		};
/* End XCBuildConfiguration section */

/* Begin XCConfigurationList section */
		386734F51D8B879300844D90 /* Build configuration list for PBXProject "Assassins" */ = {
			isa = XCConfigurationList;
			buildConfigurations = (
				3867350D1D8B879300844D90 /* Debug */,
				3867350E1D8B879300844D90 /* Release */,
			);
			defaultConfigurationIsVisible = 0;
			defaultConfigurationName = Release;
		};
		3867350F1D8B879300844D90 /* Build configuration list for PBXNativeTarget "Assassins" */ = {
			isa = XCConfigurationList;
			buildConfigurations = (
				386735101D8B879300844D90 /* Debug */,
				386735111D8B879300844D90 /* Release */,
			);
			defaultConfigurationIsVisible = 0;
			defaultConfigurationName = Release;
		};
/* End XCConfigurationList section */

/* Begin XCVersionGroup section */
		386735041D8B879300844D90 /* Assassins.xcdatamodeld */ = {
			isa = XCVersionGroup;
			children = (
				386735051D8B879300844D90 /* Assassins.xcdatamodel */,
			);
			currentVersion = 386735051D8B879300844D90 /* Assassins.xcdatamodel */;
			path = Assassins.xcdatamodeld;
			sourceTree = "<group>";
			versionGroupType = wrapper.xcdatamodel;
		};
/* End XCVersionGroup section */
	};
	rootObject = 386734F21D8B879300844D90 /* Project object */;
}
