// !$*UTF8*$!
{
	archiveVersion = 1;
	classes = {
	};
	objectVersion = 46;
	objects = {

/* Begin PBXBuildFile section */
		383856F31D93319000C438D9 /* AppDelegate.swift in Sources */ = {isa = PBXBuildFile; fileRef = 383856F21D93319000C438D9 /* AppDelegate.swift */; };
		383856F51D93319000C438D9 /* ViewController.swift in Sources */ = {isa = PBXBuildFile; fileRef = 383856F41D93319000C438D9 /* ViewController.swift */; };
		383856F81D93319000C438D9 /* Main.storyboard in Resources */ = {isa = PBXBuildFile; fileRef = 383856F61D93319000C438D9 /* Main.storyboard */; };
		383856FA1D93319000C438D9 /* Assets.xcassets in Resources */ = {isa = PBXBuildFile; fileRef = 383856F91D93319000C438D9 /* Assets.xcassets */; };
		383856FD1D93319000C438D9 /* LaunchScreen.storyboard in Resources */ = {isa = PBXBuildFile; fileRef = 383856FB1D93319000C438D9 /* LaunchScreen.storyboard */; };
		383857061D9333FA00C438D9 /* MapKit.framework in Frameworks */ = {isa = PBXBuildFile; fileRef = 383857051D9333FA00C438D9 /* MapKit.framework */; };
/* End PBXBuildFile section */

/* Begin PBXFileReference section */
		383856EF1D93319000C438D9 /* Whats My Position - GPS Testing.app */ = {isa = PBXFileReference; explicitFileType = wrapper.application; includeInIndex = 0; path = "Whats My Position - GPS Testing.app"; sourceTree = BUILT_PRODUCTS_DIR; };
		383856F21D93319000C438D9 /* AppDelegate.swift */ = {isa = PBXFileReference; lastKnownFileType = sourcecode.swift; path = AppDelegate.swift; sourceTree = "<group>"; };
		383856F41D93319000C438D9 /* ViewController.swift */ = {isa = PBXFileReference; lastKnownFileType = sourcecode.swift; path = ViewController.swift; sourceTree = "<group>"; };
		383856F71D93319000C438D9 /* Base */ = {isa = PBXFileReference; lastKnownFileType = file.storyboard; name = Base; path = Base.lproj/Main.storyboard; sourceTree = "<group>"; };
		383856F91D93319000C438D9 /* Assets.xcassets */ = {isa = PBXFileReference; lastKnownFileType = folder.assetcatalog; path = Assets.xcassets; sourceTree = "<group>"; };
		383856FC1D93319000C438D9 /* Base */ = {isa = PBXFileReference; lastKnownFileType = file.storyboard; name = Base; path = Base.lproj/LaunchScreen.storyboard; sourceTree = "<group>"; };
		383856FE1D93319000C438D9 /* Info.plist */ = {isa = PBXFileReference; lastKnownFileType = text.plist.xml; path = Info.plist; sourceTree = "<group>"; };
		383857051D9333FA00C438D9 /* MapKit.framework */ = {isa = PBXFileReference; lastKnownFileType = wrapper.framework; name = MapKit.framework; path = System/Library/Frameworks/MapKit.framework; sourceTree = SDKROOT; };
/* End PBXFileReference section */

/* Begin PBXFrameworksBuildPhase section */
		383856EC1D93319000C438D9 /* Frameworks */ = {
			isa = PBXFrameworksBuildPhase;
			buildActionMask = 2147483647;
			files = (
				383857061D9333FA00C438D9 /* MapKit.framework in Frameworks */,
			);
			runOnlyForDeploymentPostprocessing = 0;
		};
/* End PBXFrameworksBuildPhase section */

/* Begin PBXGroup section */
		383856E61D93319000C438D9 = {
			isa = PBXGroup;
			children = (
				383856F11D93319000C438D9 /* Whats My Position - GPS Testing */,
				383856F01D93319000C438D9 /* Products */,
				383857041D9333FA00C438D9 /* Frameworks */,
			);
			sourceTree = "<group>";
		};
		383856F01D93319000C438D9 /* Products */ = {
			isa = PBXGroup;
			children = (
				383856EF1D93319000C438D9 /* Whats My Position - GPS Testing.app */,
			);
			name = Products;
			sourceTree = "<group>";
		};
		383856F11D93319000C438D9 /* Whats My Position - GPS Testing */ = {
			isa = PBXGroup;
			children = (
				383856F21D93319000C438D9 /* AppDelegate.swift */,
				383856F41D93319000C438D9 /* ViewController.swift */,
				383856F61D93319000C438D9 /* Main.storyboard */,
				383856F91D93319000C438D9 /* Assets.xcassets */,
				383856FB1D93319000C438D9 /* LaunchScreen.storyboard */,
				383856FE1D93319000C438D9 /* Info.plist */,
			);
			path = "Whats My Position - GPS Testing";
			sourceTree = "<group>";
		};
		383857041D9333FA00C438D9 /* Frameworks */ = {
			isa = PBXGroup;
			children = (
				383857051D9333FA00C438D9 /* MapKit.framework */,
			);
			name = Frameworks;
			sourceTree = "<group>";
		};
/* End PBXGroup section */

/* Begin PBXNativeTarget section */
		383856EE1D93319000C438D9 /* Whats My Position - GPS Testing */ = {
			isa = PBXNativeTarget;
			buildConfigurationList = 383857011D93319000C438D9 /* Build configuration list for PBXNativeTarget "Whats My Position - GPS Testing" */;
			buildPhases = (
				383856EB1D93319000C438D9 /* Sources */,
				383856EC1D93319000C438D9 /* Frameworks */,
				383856ED1D93319000C438D9 /* Resources */,
			);
			buildRules = (
			);
			dependencies = (
			);
			name = "Whats My Position - GPS Testing";
			productName = "Whats My Position - GPS Testing";
			productReference = 383856EF1D93319000C438D9 /* Whats My Position - GPS Testing.app */;
			productType = "com.apple.product-type.application";
		};
/* End PBXNativeTarget section */

/* Begin PBXProject section */
		383856E71D93319000C438D9 /* Project object */ = {
			isa = PBXProject;
			attributes = {
				LastSwiftUpdateCheck = 0800;
				LastUpgradeCheck = 0800;
				ORGANIZATIONNAME = "dev-scott";
				TargetAttributes = {
					383856EE1D93319000C438D9 = {
						CreatedOnToolsVersion = 8.0;
						DevelopmentTeam = 9W76SZUBMN;
						ProvisioningStyle = Automatic;
						SystemCapabilities = {
							com.apple.Maps.iOS = {
								enabled = 1;
							};
						};
					};
				};
			};
			buildConfigurationList = 383856EA1D93319000C438D9 /* Build configuration list for PBXProject "Whats My Position - GPS Testing" */;
			compatibilityVersion = "Xcode 3.2";
			developmentRegion = English;
			hasScannedForEncodings = 0;
			knownRegions = (
				en,
				Base,
			);
			mainGroup = 383856E61D93319000C438D9;
			productRefGroup = 383856F01D93319000C438D9 /* Products */;
			projectDirPath = "";
			projectRoot = "";
			targets = (
				383856EE1D93319000C438D9 /* Whats My Position - GPS Testing */,
			);
		};
/* End PBXProject section */

/* Begin PBXResourcesBuildPhase section */
		383856ED1D93319000C438D9 /* Resources */ = {
			isa = PBXResourcesBuildPhase;
			buildActionMask = 2147483647;
			files = (
				383856FD1D93319000C438D9 /* LaunchScreen.storyboard in Resources */,
				383856FA1D93319000C438D9 /* Assets.xcassets in Resources */,
				383856F81D93319000C438D9 /* Main.storyboard in Resources */,
			);
			runOnlyForDeploymentPostprocessing = 0;
		};
/* End PBXResourcesBuildPhase section */

/* Begin PBXSourcesBuildPhase section */
		383856EB1D93319000C438D9 /* Sources */ = {
			isa = PBXSourcesBuildPhase;
			buildActionMask = 2147483647;
			files = (
				383856F51D93319000C438D9 /* ViewController.swift in Sources */,
				383856F31D93319000C438D9 /* AppDelegate.swift in Sources */,
			);
			runOnlyForDeploymentPostprocessing = 0;
		};
/* End PBXSourcesBuildPhase section */

/* Begin PBXVariantGroup section */
		383856F61D93319000C438D9 /* Main.storyboard */ = {
			isa = PBXVariantGroup;
			children = (
				383856F71D93319000C438D9 /* Base */,
			);
			name = Main.storyboard;
			sourceTree = "<group>";
		};
		383856FB1D93319000C438D9 /* LaunchScreen.storyboard */ = {
			isa = PBXVariantGroup;
			children = (
				383856FC1D93319000C438D9 /* Base */,
			);
			name = LaunchScreen.storyboard;
			sourceTree = "<group>";
		};
/* End PBXVariantGroup section */

/* Begin XCBuildConfiguration section */
		383856FF1D93319000C438D9 /* Debug */ = {
			isa = XCBuildConfiguration;
			buildSettings = {
				ALWAYS_SEARCH_USER_PATHS = NO;
				CLANG_ANALYZER_NONNULL = YES;
				CLANG_CXX_LANGUAGE_STANDARD = "gnu++0x";
				CLANG_CXX_LIBRARY = "libc++";
				CLANG_ENABLE_MODULES = YES;
				CLANG_ENABLE_OBJC_ARC = YES;
				CLANG_WARN_BOOL_CONVERSION = YES;
				CLANG_WARN_CONSTANT_CONVERSION = YES;
				CLANG_WARN_DIRECT_OBJC_ISA_USAGE = YES_ERROR;
				CLANG_WARN_DOCUMENTATION_COMMENTS = YES;
				CLANG_WARN_EMPTY_BODY = YES;
				CLANG_WARN_ENUM_CONVERSION = YES;
				CLANG_WARN_INFINITE_RECURSION = YES;
				CLANG_WARN_INT_CONVERSION = YES;
				CLANG_WARN_OBJC_ROOT_CLASS = YES_ERROR;
				CLANG_WARN_SUSPICIOUS_MOVES = YES;
				CLANG_WARN_UNREACHABLE_CODE = YES;
				CLANG_WARN__DUPLICATE_METHOD_MATCH = YES;
				"CODE_SIGN_IDENTITY[sdk=iphoneos*]" = "iPhone Developer";
				COPY_PHASE_STRIP = NO;
				DEBUG_INFORMATION_FORMAT = dwarf;
				ENABLE_STRICT_OBJC_MSGSEND = YES;
				ENABLE_TESTABILITY = YES;
				GCC_C_LANGUAGE_STANDARD = gnu99;
				GCC_DYNAMIC_NO_PIC = NO;
				GCC_NO_COMMON_BLOCKS = YES;
				GCC_OPTIMIZATION_LEVEL = 0;
				GCC_PREPROCESSOR_DEFINITIONS = (
					"DEBUG=1",
					"$(inherited)",
				);
				GCC_WARN_64_TO_32_BIT_CONVERSION = YES;
				GCC_WARN_ABOUT_RETURN_TYPE = YES_ERROR;
				GCC_WARN_UNDECLARED_SELECTOR = YES;
				GCC_WARN_UNINITIALIZED_AUTOS = YES_AGGRESSIVE;
				GCC_WARN_UNUSED_FUNCTION = YES;
				GCC_WARN_UNUSED_VARIABLE = YES;
				IPHONEOS_DEPLOYMENT_TARGET = 10.0;
				MTL_ENABLE_DEBUG_INFO = YES;
				ONLY_ACTIVE_ARCH = YES;
				SDKROOT = iphoneos;
				SWIFT_ACTIVE_COMPILATION_CONDITIONS = DEBUG;
				SWIFT_OPTIMIZATION_LEVEL = "-Onone";
			};
			name = Debug;
		};
		383857001D93319000C438D9 /* Release */ = {
			isa = XCBuildConfiguration;
			buildSettings = {
				ALWAYS_SEARCH_USER_PATHS = NO;
				CLANG_ANALYZER_NONNULL = YES;
				CLANG_CXX_LANGUAGE_STANDARD = "gnu++0x";
				CLANG_CXX_LIBRARY = "libc++";
				CLANG_ENABLE_MODULES = YES;
				CLANG_ENABLE_OBJC_ARC = YES;
				CLANG_WARN_BOOL_CONVERSION = YES;
				CLANG_WARN_CONSTANT_CONVERSION = YES;
				CLANG_WARN_DIRECT_OBJC_ISA_USAGE = YES_ERROR;
				CLANG_WARN_DOCUMENTATION_COMMENTS = YES;
				CLANG_WARN_EMPTY_BODY = YES;
				CLANG_WARN_ENUM_CONVERSION = YES;
				CLANG_WARN_INFINITE_RECURSION = YES;
				CLANG_WARN_INT_CONVERSION = YES;
				CLANG_WARN_OBJC_ROOT_CLASS = YES_ERROR;
				CLANG_WARN_SUSPICIOUS_MOVES = YES;
				CLANG_WARN_UNREACHABLE_CODE = YES;
				CLANG_WARN__DUPLICATE_METHOD_MATCH = YES;
				"CODE_SIGN_IDENTITY[sdk=iphoneos*]" = "iPhone Developer";
				COPY_PHASE_STRIP = NO;
				DEBUG_INFORMATION_FORMAT = "dwarf-with-dsym";
				ENABLE_NS_ASSERTIONS = NO;
				ENABLE_STRICT_OBJC_MSGSEND = YES;
				GCC_C_LANGUAGE_STANDARD = gnu99;
				GCC_NO_COMMON_BLOCKS = YES;
				GCC_WARN_64_TO_32_BIT_CONVERSION = YES;
				GCC_WARN_ABOUT_RETURN_TYPE = YES_ERROR;
				GCC_WARN_UNDECLARED_SELECTOR = YES;
				GCC_WARN_UNINITIALIZED_AUTOS = YES_AGGRESSIVE;
				GCC_WARN_UNUSED_FUNCTION = YES;
				GCC_WARN_UNUSED_VARIABLE = YES;
				IPHONEOS_DEPLOYMENT_TARGET = 10.0;
				MTL_ENABLE_DEBUG_INFO = NO;
				SDKROOT = iphoneos;
				SWIFT_OPTIMIZATION_LEVEL = "-Owholemodule";
				VALIDATE_PRODUCT = YES;
			};
			name = Release;
		};
		383857021D93319000C438D9 /* Debug */ = {
			isa = XCBuildConfiguration;
			buildSettings = {
				ASSETCATALOG_COMPILER_APPICON_NAME = AppIcon;
				DEVELOPMENT_TEAM = 9W76SZUBMN;
				INFOPLIST_FILE = "Whats My Position - GPS Testing/Info.plist";
				LD_RUNPATH_SEARCH_PATHS = "$(inherited) @executable_path/Frameworks";
				PRODUCT_BUNDLE_IDENTIFIER = "dev-scott.Whats-My-Position---GPS-Testing";
				PRODUCT_NAME = "$(TARGET_NAME)";
				SWIFT_VERSION = 3.0;
			};
			name = Debug;
		};
		383857031D93319000C438D9 /* Release */ = {
			isa = XCBuildConfiguration;
			buildSettings = {
				ASSETCATALOG_COMPILER_APPICON_NAME = AppIcon;
				DEVELOPMENT_TEAM = 9W76SZUBMN;
				INFOPLIST_FILE = "Whats My Position - GPS Testing/Info.plist";
				LD_RUNPATH_SEARCH_PATHS = "$(inherited) @executable_path/Frameworks";
				PRODUCT_BUNDLE_IDENTIFIER = "dev-scott.Whats-My-Position---GPS-Testing";
				PRODUCT_NAME = "$(TARGET_NAME)";
				SWIFT_VERSION = 3.0;
			};
			name = Release;
		};
/* End XCBuildConfiguration section */

/* Begin XCConfigurationList section */
		383856EA1D93319000C438D9 /* Build configuration list for PBXProject "Whats My Position - GPS Testing" */ = {
			isa = XCConfigurationList;
			buildConfigurations = (
				383856FF1D93319000C438D9 /* Debug */,
				383857001D93319000C438D9 /* Release */,
			);
			defaultConfigurationIsVisible = 0;
			defaultConfigurationName = Release;
		};
		383857011D93319000C438D9 /* Build configuration list for PBXNativeTarget "Whats My Position - GPS Testing" */ = {
			isa = XCConfigurationList;
			buildConfigurations = (
				383857021D93319000C438D9 /* Debug */,
				383857031D93319000C438D9 /* Release */,
			);
			defaultConfigurationIsVisible = 0;
		};
/* End XCConfigurationList section */
	};
	rootObject = 383856E71D93319000C438D9 /* Project object */;
}
