// !$*UTF8*$!
{
	archiveVersion = 1;
	classes = {
	};
	objectVersion = 46;
	objects = {

/* Begin PBXBuildFile section */
		385934841D90DAB100AB5326 /* AppDelegate.swift in Sources */ = {isa = PBXBuildFile; fileRef = 385934831D90DAB100AB5326 /* AppDelegate.swift */; };
		385934861D90DAB100AB5326 /* ViewController.swift in Sources */ = {isa = PBXBuildFile; fileRef = 385934851D90DAB100AB5326 /* ViewController.swift */; };
		385934891D90DAB100AB5326 /* Main.storyboard in Resources */ = {isa = PBXBuildFile; fileRef = 385934871D90DAB100AB5326 /* Main.storyboard */; };
		3859348B1D90DAB100AB5326 /* Assets.xcassets in Resources */ = {isa = PBXBuildFile; fileRef = 3859348A1D90DAB100AB5326 /* Assets.xcassets */; };
		3859348E1D90DAB100AB5326 /* LaunchScreen.storyboard in Resources */ = {isa = PBXBuildFile; fileRef = 3859348C1D90DAB100AB5326 /* LaunchScreen.storyboard */; };
/* End PBXBuildFile section */

/* Begin PBXFileReference section */
		385934801D90DAB100AB5326 /* CameraTesting.app */ = {isa = PBXFileReference; explicitFileType = wrapper.application; includeInIndex = 0; path = CameraTesting.app; sourceTree = BUILT_PRODUCTS_DIR; };
		385934831D90DAB100AB5326 /* AppDelegate.swift */ = {isa = PBXFileReference; lastKnownFileType = sourcecode.swift; path = AppDelegate.swift; sourceTree = "<group>"; };
		385934851D90DAB100AB5326 /* ViewController.swift */ = {isa = PBXFileReference; lastKnownFileType = sourcecode.swift; path = ViewController.swift; sourceTree = "<group>"; };
		385934881D90DAB100AB5326 /* Base */ = {isa = PBXFileReference; lastKnownFileType = file.storyboard; name = Base; path = Base.lproj/Main.storyboard; sourceTree = "<group>"; };
		3859348A1D90DAB100AB5326 /* Assets.xcassets */ = {isa = PBXFileReference; lastKnownFileType = folder.assetcatalog; path = Assets.xcassets; sourceTree = "<group>"; };
		3859348D1D90DAB100AB5326 /* Base */ = {isa = PBXFileReference; lastKnownFileType = file.storyboard; name = Base; path = Base.lproj/LaunchScreen.storyboard; sourceTree = "<group>"; };
		3859348F1D90DAB100AB5326 /* Info.plist */ = {isa = PBXFileReference; lastKnownFileType = text.plist.xml; path = Info.plist; sourceTree = "<group>"; };
/* End PBXFileReference section */

/* Begin PBXFrameworksBuildPhase section */
		3859347D1D90DAB000AB5326 /* Frameworks */ = {
			isa = PBXFrameworksBuildPhase;
			buildActionMask = 2147483647;
			files = (
			);
			runOnlyForDeploymentPostprocessing = 0;
		};
/* End PBXFrameworksBuildPhase section */

/* Begin PBXGroup section */
		385934771D90DAB000AB5326 = {
			isa = PBXGroup;
			children = (
				385934821D90DAB100AB5326 /* CameraTesting */,
				385934811D90DAB100AB5326 /* Products */,
			);
			sourceTree = "<group>";
		};
		385934811D90DAB100AB5326 /* Products */ = {
			isa = PBXGroup;
			children = (
				385934801D90DAB100AB5326 /* CameraTesting.app */,
			);
			name = Products;
			sourceTree = "<group>";
		};
		385934821D90DAB100AB5326 /* CameraTesting */ = {
			isa = PBXGroup;
			children = (
				385934831D90DAB100AB5326 /* AppDelegate.swift */,
				385934851D90DAB100AB5326 /* ViewController.swift */,
				385934871D90DAB100AB5326 /* Main.storyboard */,
				3859348A1D90DAB100AB5326 /* Assets.xcassets */,
				3859348C1D90DAB100AB5326 /* LaunchScreen.storyboard */,
				3859348F1D90DAB100AB5326 /* Info.plist */,
			);
			path = CameraTesting;
			sourceTree = "<group>";
		};
/* End PBXGroup section */

/* Begin PBXNativeTarget section */
		3859347F1D90DAB000AB5326 /* CameraTesting */ = {
			isa = PBXNativeTarget;
			buildConfigurationList = 385934921D90DAB100AB5326 /* Build configuration list for PBXNativeTarget "CameraTesting" */;
			buildPhases = (
				3859347C1D90DAB000AB5326 /* Sources */,
				3859347D1D90DAB000AB5326 /* Frameworks */,
				3859347E1D90DAB000AB5326 /* Resources */,
			);
			buildRules = (
			);
			dependencies = (
			);
			name = CameraTesting;
			productName = CameraTesting;
			productReference = 385934801D90DAB100AB5326 /* CameraTesting.app */;
			productType = "com.apple.product-type.application";
		};
/* End PBXNativeTarget section */

/* Begin PBXProject section */
		385934781D90DAB000AB5326 /* Project object */ = {
			isa = PBXProject;
			attributes = {
				LastSwiftUpdateCheck = 0800;
				LastUpgradeCheck = 0800;
				ORGANIZATIONNAME = "dev-scott";
				TargetAttributes = {
					3859347F1D90DAB000AB5326 = {
						CreatedOnToolsVersion = 8.0;
						DevelopmentTeam = 9W76SZUBMN;
						ProvisioningStyle = Automatic;
					};
				};
			};
			buildConfigurationList = 3859347B1D90DAB000AB5326 /* Build configuration list for PBXProject "CameraTesting" */;
			compatibilityVersion = "Xcode 3.2";
			developmentRegion = English;
			hasScannedForEncodings = 0;
			knownRegions = (
				en,
				Base,
			);
			mainGroup = 385934771D90DAB000AB5326;
			productRefGroup = 385934811D90DAB100AB5326 /* Products */;
			projectDirPath = "";
			projectRoot = "";
			targets = (
				3859347F1D90DAB000AB5326 /* CameraTesting */,
			);
		};
/* End PBXProject section */

/* Begin PBXResourcesBuildPhase section */
		3859347E1D90DAB000AB5326 /* Resources */ = {
			isa = PBXResourcesBuildPhase;
			buildActionMask = 2147483647;
			files = (
				3859348E1D90DAB100AB5326 /* LaunchScreen.storyboard in Resources */,
				3859348B1D90DAB100AB5326 /* Assets.xcassets in Resources */,
				385934891D90DAB100AB5326 /* Main.storyboard in Resources */,
			);
			runOnlyForDeploymentPostprocessing = 0;
		};
/* End PBXResourcesBuildPhase section */

/* Begin PBXSourcesBuildPhase section */
		3859347C1D90DAB000AB5326 /* Sources */ = {
			isa = PBXSourcesBuildPhase;
			buildActionMask = 2147483647;
			files = (
				385934861D90DAB100AB5326 /* ViewController.swift in Sources */,
				385934841D90DAB100AB5326 /* AppDelegate.swift in Sources */,
			);
			runOnlyForDeploymentPostprocessing = 0;
		};
/* End PBXSourcesBuildPhase section */

/* Begin PBXVariantGroup section */
		385934871D90DAB100AB5326 /* Main.storyboard */ = {
			isa = PBXVariantGroup;
			children = (
				385934881D90DAB100AB5326 /* Base */,
			);
			name = Main.storyboard;
			sourceTree = "<group>";
		};
		3859348C1D90DAB100AB5326 /* LaunchScreen.storyboard */ = {
			isa = PBXVariantGroup;
			children = (
				3859348D1D90DAB100AB5326 /* Base */,
			);
			name = LaunchScreen.storyboard;
			sourceTree = "<group>";
		};
/* End PBXVariantGroup section */

/* Begin XCBuildConfiguration section */
		385934901D90DAB100AB5326 /* Debug */ = {
			isa = XCBuildConfiguration;
			buildSettings = {
				ALWAYS_SEARCH_USER_PATHS = NO;
				CLANG_ANALYZER_NONNULL = YES;
				CLANG_CXX_LANGUAGE_STANDARD = "gnu++0x";
				CLANG_CXX_LIBRARY = "libc++";
				CLANG_ENABLE_MODULES = YES;
				CLANG_ENABLE_OBJC_ARC = YES;
				CLANG_WARN_BOOL_CONVERSION = YES;
				CLANG_WARN_CONSTANT_CONVERSION = YES;
				CLANG_WARN_DIRECT_OBJC_ISA_USAGE = YES_ERROR;
				CLANG_WARN_DOCUMENTATION_COMMENTS = YES;
				CLANG_WARN_EMPTY_BODY = YES;
				CLANG_WARN_ENUM_CONVERSION = YES;
				CLANG_WARN_INFINITE_RECURSION = YES;
				CLANG_WARN_INT_CONVERSION = YES;
				CLANG_WARN_OBJC_ROOT_CLASS = YES_ERROR;
				CLANG_WARN_SUSPICIOUS_MOVES = YES;
				CLANG_WARN_UNREACHABLE_CODE = YES;
				CLANG_WARN__DUPLICATE_METHOD_MATCH = YES;
				"CODE_SIGN_IDENTITY[sdk=iphoneos*]" = "iPhone Developer";
				COPY_PHASE_STRIP = NO;
				DEBUG_INFORMATION_FORMAT = dwarf;
				ENABLE_STRICT_OBJC_MSGSEND = YES;
				ENABLE_TESTABILITY = YES;
				GCC_C_LANGUAGE_STANDARD = gnu99;
				GCC_DYNAMIC_NO_PIC = NO;
				GCC_NO_COMMON_BLOCKS = YES;
				GCC_OPTIMIZATION_LEVEL = 0;
				GCC_PREPROCESSOR_DEFINITIONS = (
					"DEBUG=1",
					"$(inherited)",
				);
				GCC_WARN_64_TO_32_BIT_CONVERSION = YES;
				GCC_WARN_ABOUT_RETURN_TYPE = YES_ERROR;
				GCC_WARN_UNDECLARED_SELECTOR = YES;
				GCC_WARN_UNINITIALIZED_AUTOS = YES_AGGRESSIVE;
				GCC_WARN_UNUSED_FUNCTION = YES;
				GCC_WARN_UNUSED_VARIABLE = YES;
				IPHONEOS_DEPLOYMENT_TARGET = 10.0;
				MTL_ENABLE_DEBUG_INFO = YES;
				ONLY_ACTIVE_ARCH = YES;
				SDKROOT = iphoneos;
				SWIFT_ACTIVE_COMPILATION_CONDITIONS = DEBUG;
				SWIFT_OPTIMIZATION_LEVEL = "-Onone";
			};
			name = Debug;
		};
		385934911D90DAB100AB5326 /* Release */ = {
			isa = XCBuildConfiguration;
			buildSettings = {
				ALWAYS_SEARCH_USER_PATHS = NO;
				CLANG_ANALYZER_NONNULL = YES;
				CLANG_CXX_LANGUAGE_STANDARD = "gnu++0x";
				CLANG_CXX_LIBRARY = "libc++";
				CLANG_ENABLE_MODULES = YES;
				CLANG_ENABLE_OBJC_ARC = YES;
				CLANG_WARN_BOOL_CONVERSION = YES;
				CLANG_WARN_CONSTANT_CONVERSION = YES;
				CLANG_WARN_DIRECT_OBJC_ISA_USAGE = YES_ERROR;
				CLANG_WARN_DOCUMENTATION_COMMENTS = YES;
				CLANG_WARN_EMPTY_BODY = YES;
				CLANG_WARN_ENUM_CONVERSION = YES;
				CLANG_WARN_INFINITE_RECURSION = YES;
				CLANG_WARN_INT_CONVERSION = YES;
				CLANG_WARN_OBJC_ROOT_CLASS = YES_ERROR;
				CLANG_WARN_SUSPICIOUS_MOVES = YES;
				CLANG_WARN_UNREACHABLE_CODE = YES;
				CLANG_WARN__DUPLICATE_METHOD_MATCH = YES;
				"CODE_SIGN_IDENTITY[sdk=iphoneos*]" = "iPhone Developer";
				COPY_PHASE_STRIP = NO;
				DEBUG_INFORMATION_FORMAT = "dwarf-with-dsym";
				ENABLE_NS_ASSERTIONS = NO;
				ENABLE_STRICT_OBJC_MSGSEND = YES;
				GCC_C_LANGUAGE_STANDARD = gnu99;
				GCC_NO_COMMON_BLOCKS = YES;
				GCC_WARN_64_TO_32_BIT_CONVERSION = YES;
				GCC_WARN_ABOUT_RETURN_TYPE = YES_ERROR;
				GCC_WARN_UNDECLARED_SELECTOR = YES;
				GCC_WARN_UNINITIALIZED_AUTOS = YES_AGGRESSIVE;
				GCC_WARN_UNUSED_FUNCTION = YES;
				GCC_WARN_UNUSED_VARIABLE = YES;
				IPHONEOS_DEPLOYMENT_TARGET = 10.0;
				MTL_ENABLE_DEBUG_INFO = NO;
				SDKROOT = iphoneos;
				SWIFT_OPTIMIZATION_LEVEL = "-Owholemodule";
				VALIDATE_PRODUCT = YES;
			};
			name = Release;
		};
		385934931D90DAB100AB5326 /* Debug */ = {
			isa = XCBuildConfiguration;
			buildSettings = {
				ASSETCATALOG_COMPILER_APPICON_NAME = AppIcon;
				DEVELOPMENT_TEAM = 9W76SZUBMN;
				INFOPLIST_FILE = CameraTesting/Info.plist;
				LD_RUNPATH_SEARCH_PATHS = "$(inherited) @executable_path/Frameworks";
				PRODUCT_BUNDLE_IDENTIFIER = "dev-scott.CameraTesting";
				PRODUCT_NAME = "$(TARGET_NAME)";
				SWIFT_VERSION = 3.0;
			};
			name = Debug;
		};
		385934941D90DAB100AB5326 /* Release */ = {
			isa = XCBuildConfiguration;
			buildSettings = {
				ASSETCATALOG_COMPILER_APPICON_NAME = AppIcon;
				DEVELOPMENT_TEAM = 9W76SZUBMN;
				INFOPLIST_FILE = CameraTesting/Info.plist;
				LD_RUNPATH_SEARCH_PATHS = "$(inherited) @executable_path/Frameworks";
				PRODUCT_BUNDLE_IDENTIFIER = "dev-scott.CameraTesting";
				PRODUCT_NAME = "$(TARGET_NAME)";
				SWIFT_VERSION = 3.0;
			};
			name = Release;
		};
/* End XCBuildConfiguration section */

/* Begin XCConfigurationList section */
		3859347B1D90DAB000AB5326 /* Build configuration list for PBXProject "CameraTesting" */ = {
			isa = XCConfigurationList;
			buildConfigurations = (
				385934901D90DAB100AB5326 /* Debug */,
				385934911D90DAB100AB5326 /* Release */,
			);
			defaultConfigurationIsVisible = 0;
			defaultConfigurationName = Release;
		};
		385934921D90DAB100AB5326 /* Build configuration list for PBXNativeTarget "CameraTesting" */ = {
			isa = XCConfigurationList;
			buildConfigurations = (
				385934931D90DAB100AB5326 /* Debug */,
				385934941D90DAB100AB5326 /* Release */,
			);
			defaultConfigurationIsVisible = 0;
		};
/* End XCConfigurationList section */
	};
	rootObject = 385934781D90DAB000AB5326 /* Project object */;
}
